{
  "version": "5",
  "specifiers": {
    "npm:bootstrap@^5.2.0": "5.3.8_@popperjs+core@2.11.8",
    "npm:chart.js@^4.5.0": "4.5.1",
    "npm:heap-js@^2.2.0": "2.7.1",
    "npm:i18next-browser-languagedetector@^6.1.3": "6.1.8",
    "npm:i18next-http-backend@^1.3.2": "1.4.5",
    "npm:i18next@^21.6.10": "21.10.0"
  },
  "npm": {
    "@babel/runtime@7.29.2": {
      "integrity": "sha512-JiDShH45zKHWyGe4ZNVRrCjBz8Nh9TMmZG1kh4QTK8hCBTWBi8Da+i7s1fJw7/lYpM4ccepSNfqzZ/QvABBi5g=="
    },
    "@kurkle/color@0.3.4": {
      "integrity": "sha512-M5UknZPHRu3DEDWoipU6sE8PdkZ6Z/S+v4dD+Ke8IaNlpdSQah50lz1KtcFBa2vsdOnwbbnxJwVM4wty6udA5w=="
    },
    "@popperjs/core@2.11.8": {
      "integrity": "sha512-P1st0aksCrn9sGZhp8GMYwBnQsbvAWsZAX44oXNNvLHGqAOcoVxmjZiohstwQ7SqKnbR47akdNi+uleWD8+g6A=="
    },
    "bootstrap@5.3.8_@popperjs+core@2.11.8": {
      "integrity": "sha512-HP1SZDqaLDPwsNiqRqi5NcP0SSXciX2s9E+RyqJIIqGo+vJeN5AJVM98CXmW/Wux0nQ5L7jeWUdplCEf0Ee+tg==",
      "dependencies": [
        "@popperjs/core"
      ]
    },
    "chart.js@4.5.1": {
      "integrity": "sha512-GIjfiT9dbmHRiYi6Nl2yFCq7kkwdkp1W/lp2J99rX0yo9tgJGn3lKQATztIjb5tVtevcBtIdICNWqlq5+E8/Pw==",
      "dependencies": [
        "@kurkle/color"
      ]
    },
    "cross-fetch@3.1.5": {
      "integrity": "sha512-lvb1SBsI0Z7GDwmuid+mU3kWVBwTVUbe7S0H52yaaAdQOXq2YktTCZdlAcNKFzE6QtRz0snpw9bNiPeOIkkQvw==",
      "dependencies": [
        "node-fetch"
      ]
    },
    "heap-js@2.7.1": {
      "integrity": "sha512-EQfezRg0NCZGNlhlDR3Evrw1FVL2G3LhU7EgPoxufQKruNBSYA8MiRPHeWbU+36o+Fhel0wMwM+sLEiBAlNLJA=="
    },
    "i18next-browser-languagedetector@6.1.8": {
      "integrity": "sha512-Svm+MduCElO0Meqpj1kJAriTC6OhI41VhlT/A0UPjGoPZBhAHIaGE5EfsHlTpgdH09UVX7rcc72pSDDBeKSQQA==",
      "dependencies": [
        "@babel/runtime"
      ]
    },
    "i18next-http-backend@1.4.5": {
      "integrity": "sha512-tLuHWuLWl6CmS07o+UB6EcQCaUjrZ1yhdseIN7sfq0u7phsMePJ8pqlGhIAdRDPF/q7ooyo5MID5DRFBCH+x5w==",
      "dependencies": [
        "cross-fetch"
      ]
    },
    "i18next@21.10.0": {
      "integrity": "sha512-YeuIBmFsGjUfO3qBmMOc0rQaun4mIpGKET5WDwvu8lU7gvwpcariZLNtL0Fzj+zazcHUrlXHiptcFhBMFaxzfg==",
      "dependencies": [
        "@babel/runtime"
      ]
    },
    "node-fetch@2.6.7": {
      "integrity": "sha512-ZjMPFEfVx5j+y2yF35Kzx5sF7kDzxuDj6ziH4FFbOp87zKDZNx8yExJIb05OGF4Nlt9IHFIMBkRl41VdvcNdbQ==",
      "dependencies": [
        "whatwg-url"
      ]
    },
    "tr46@0.0.3": {
      "integrity": "sha512-N3WMsuqV66lT30CrXNbEjx4GEwlow3v6rr4mCcv6prnfwhS01rkgyFdjPNBYd9br7LpXV1+Emh01fHnq2Gdgrw=="
    },
    "webidl-conversions@3.0.1": {
      "integrity": "sha512-2JAn3z8AR6rjK8Sm8orRC0h/bcl/DqL7tRPdGZ4I1CjdF+EaMLmYxBHyXuKL849eucPFhvBoxMsflfOb8kxaeQ=="
    },
    "whatwg-url@5.0.0": {
      "integrity": "sha512-saE57nupxk6v3HY35+jzBwYa0rKSy0XR8JSxZPwgLr7ys0IBzhGviA1/TUGJLmSVqs8pb9AnvICXEuOHLprYTw==",
      "dependencies": [
        "tr46",
        "webidl-conversions"
      ]
    }
  },
  "remote": {
    "https://esm.sh/heap-js@2.2.0": "f0ce4aeb2b90b0176820b40f0d1f61cf43fe3f914787b56c1479794f8f4dbd30"
  },
  "workspace": {
    "dependencies": [
      "npm:bootstrap@^5.2.0",
      "npm:chart.js@^4.5.0",
      "npm:heap-js@^2.2.0",
      "npm:i18next-browser-languagedetector@^6.1.3",
      "npm:i18next-http-backend@^1.3.2",
      "npm:i18next@^21.6.10"
    ]
  }
}
